
Microsoft Visual Studio Solution File, Format Version 12.00
# Visual Studio Version 17
VisualStudioVersion = 17.11.35327.3
MinimumVisualStudioVersion = 10.0.40219.1
Project("{FAE04EC0-301F-11D3-BF4B-00C04F79EFBC}") = "AtvaltOOP", "ConsoleApp1\AtvaltOOP.csproj", "{A84451D7-C84B-4653-B9B1-DCA8251FC6D6}"
EndProject
Global
	GlobalSection(SolutionConfigurationPlatforms) = preSolution
		Debug|Any CPU = Debug|Any CPU
		Release|Any CPU = Release|Any CPU
	EndGlobalSection
	GlobalSection(ProjectConfigurationPlatforms) = postSolution
		{A84451D7-C84B-4653-B9B1-DCA8251FC6D6}.Debug|Any CPU.ActiveCfg = Debug|Any CPU
		{A84451D7-C84B-4653-B9B1-DCA8251FC6D6}.Debug|Any CPU.Build.0 = Debug|Any CPU
		{A84451D7-C84B-4653-B9B1-DCA8251FC6D6}.Release|Any CPU.ActiveCfg = Release|Any CPU
		{A84451D7-C84B-4653-B9B1-DCA8251FC6D6}.Release|Any CPU.Build.0 = Release|Any CPU
	EndGlobalSection
	GlobalSection(SolutionProperties) = preSolution
		HideSolutionNode = FALSE
	EndGlobalSection
	GlobalSection(ExtensibilityGlobals) = postSolution
		SolutionGuid = {48EAF07C-0DD5-4E62-88C7-29CD5E3EC3DD}
	EndGlobalSection
EndGlobal
